#MicroXplorer Configuration settings - do not modify
VP_RTC_VS_RTC_Activate.Signal=RTC_VS_RTC_Activate
Mcu.Family=STM32G0
ProjectManager.MainLocation=Core/Src
RCC.USART1Freq_Value=16000000
ProjectManager.ProjectFileName=g030_led.ioc
USART2.IPParameters=VirtualMode-Asynchronous
RCC.CortexFreq_Value=16000000
ProjectManager.KeepUserCode=true
Mcu.UserName=STM32G030F6Px
Mcu.PinsNb=8
ProjectManager.NoMain=false
TIM1.IPParameters=Prescaler,Period
VP_IWDG_VS_IWDG.Mode=IWDG_Activate
PA0.GPIO_Label=led
ProjectManager.functionlistsort=1-MX_GPIO_Init-GPIO-false-HAL-true,2-SystemClock_Config-RCC-false-HAL-false,3-MX_USART2_UART_Init-USART2-false-HAL-true,4-MX_TIM1_Init-TIM1-false-HAL-true,5-MX_TIM3_Init-TIM3-false-HAL-true,6-MX_IWDG_Init-IWDG-false-HAL-true
VP_RTC_VS_RTC_Activate.Mode=RTC_Enabled
RCC.EXTERNAL_CLOCK_VALUE=12288000
ProjectManager.DefaultFWLocation=true
NVIC.SVC_IRQn=true\:0\:0\:false\:false\:true\:false\:false
ProjectManager.DeletePrevious=true
NVIC.USART2_IRQn=true\:0\:0\:false\:false\:true\:true\:true
PinOutPanel.RotationAngle=0
RCC.FamilyName=M
RCC.MCO1PinFreq_Value=16000000
ProjectManager.StackSize=0x400
PA3.Mode=Asynchronous
Mcu.IP4=SYS
RCC.FCLKCortexFreq_Value=16000000
Mcu.IP5=TIM1
Mcu.IP2=RCC
Mcu.IP3=RTC
Mcu.IP0=IWDG
Mcu.IP1=NVIC
TIM1.Prescaler=15
Mcu.UserConstants=
ProjectManager.TargetToolchain=STM32CubeIDE
Mcu.ThirdPartyNb=0
RCC.HCLKFreq_Value=16000000
Mcu.IPNb=8
ProjectManager.PreviousToolchain=
TIM3.Period=999
VP_TIM1_VS_ClockSourceINT.Signal=TIM1_VS_ClockSourceINT
RCC.I2S1Freq_Value=16000000
Mcu.Pin6=VP_TIM1_VS_ClockSourceINT
Mcu.Pin7=VP_TIM3_VS_ClockSourceINT
ProjectManager.RegisterCallBack=
VP_TIM3_VS_ClockSourceINT.Signal=TIM3_VS_ClockSourceINT
RCC.LSE_VALUE=32768
RCC.AHBFreq_Value=16000000
Mcu.Pin0=PA0
Mcu.Pin1=PA2
Mcu.Pin2=PA3
Mcu.Pin3=VP_IWDG_VS_IWDG
Mcu.Pin4=VP_RTC_VS_RTC_Activate
Mcu.Pin5=VP_SYS_VS_Systick
ProjectManager.ProjectBuild=false
RCC.HSE_VALUE=8000000
PA0.Locked=true
board=custom
USART2.VirtualMode-Asynchronous=VM_ASYNC
RCC.VCOOutputFreq_Value=128000000
NVIC.SysTick_IRQn=true\:0\:0\:false\:false\:true\:false\:true
ProjectManager.LastFirmware=true
NVIC.TIM3_IRQn=true\:0\:0\:false\:false\:true\:true\:true
ProjectManager.FirmwarePackage=STM32Cube FW_G0 V1.4.1
MxDb.Version=DB.6.0.20
ProjectManager.BackupPrevious=false
MxCube.Version=6.2.0
RCC.VCOInputFreq_Value=16000000
RCC.I2C1Freq_Value=16000000
TIM3.Prescaler=15
File.Version=6
VP_SYS_VS_Systick.Mode=SysTick
TIM3.IPParameters=Prescaler,Period
NVIC.NonMaskableInt_IRQn=true\:0\:0\:false\:false\:true\:false\:false
RCC.PLLRCLKFreq_Value=64000000
NVIC.PendSV_IRQn=true\:0\:0\:false\:false\:true\:false\:false
ProjectManager.FreePins=false
RCC.IPParameters=AHBFreq_Value,APBFreq_Value,APBTimFreq_Value,CortexFreq_Value,EXTERNAL_CLOCK_VALUE,FCLKCortexFreq_Value,FamilyName,HCLKFreq_Value,HSE_VALUE,HSI_VALUE,I2C1Freq_Value,I2S1Freq_Value,LSCOPinFreq_Value,LSE_VALUE,LSI_VALUE,MCO1PinFreq_Value,PLLPoutputFreq_Value,PLLRCLKFreq_Value,PWRFreq_Value,SYSCLKFreq_VALUE,USART1Freq_Value,VCOInputFreq_Value,VCOOutputFreq_Value
IWDG.IPParameters=Prescaler
ProjectManager.AskForMigrate=true
Mcu.Name=STM32G030F6Px
ProjectManager.HalAssertFull=false
VP_TIM1_VS_ClockSourceINT.Mode=Internal
PA2.Signal=USART2_TX
ProjectManager.ProjectName=g030_led
ProjectManager.UnderRoot=true
PA0.Signal=GPIO_Output
Mcu.IP6=TIM3
Mcu.IP7=USART2
ProjectManager.CoupleFile=false
RCC.APBTimFreq_Value=16000000
RCC.SYSCLKFreq_VALUE=16000000
Mcu.Package=TSSOP20
NVIC.ForceEnableDMAVector=true
KeepUserPlacement=false
RCC.APBFreq_Value=16000000
ProjectManager.CompilerOptimize=6
ProjectManager.ToolChainLocation=
RCC.LSI_VALUE=32000
VP_SYS_VS_Systick.Signal=SYS_VS_Systick
VP_IWDG_VS_IWDG.Signal=IWDG_VS_IWDG
RCC.LSCOPinFreq_Value=32000
ProjectManager.HeapSize=0x200
NVIC.HardFault_IRQn=true\:0\:0\:false\:false\:true\:false\:false
PA0.GPIOParameters=GPIO_Label
ProjectManager.ComputerToolchain=false
RCC.HSI_VALUE=16000000
RCC.PLLPoutputFreq_Value=64000000
IWDG.Prescaler=IWDG_PRESCALER_16
PA2.Mode=Asynchronous
RCC.PWRFreq_Value=16000000
TIM1.Period=999
NVIC.TIM1_BRK_UP_TRG_COM_IRQn=true\:0\:0\:false\:false\:true\:true\:true
ProjectManager.CustomerFirmwarePackage=
VP_TIM3_VS_ClockSourceINT.Mode=Internal
ProjectManager.DeviceId=STM32G030F6Px
ProjectManager.LibraryCopy=1
PA3.Signal=USART2_RX
isbadioc=false
